{
  "version": 4,
  "terraform_version": "1.5.5",
  "serial": 40,
  "lineage": "97d38dc1-ee77-b2a7-b113-3ee9ec493d97",
  "outputs": {},
  "resources": [
    {
      "mode": "managed",
      "type": "local_file",
      "name": "terraformassignment1",
      "provider": "provider[\"registry.terraform.io/hashicorp/local\"]",
      "instances": [
        {
          "schema_version": 0,
          "attributes": {
            "content": "sehgal",
            "content_base64": null,
            "content_base64sha256": "7dMgZEDwk7MbzmhcZf1E6GoJNc7M/ZAHazbUnABExeE=",
            "content_base64sha512": "SIxFmQe8wesRDDmFGiTvF+nUKW7PYPakrSXvsCIf39+G6UYfIgjal+jhUEFbROrhPpo4JNcYYgC02McWpNaSjA==",
            "content_md5": "0731893f85f175173bd922173a4d489b",
            "content_sha1": "fd8ef69f433268c85c95d7c2db1f6a8453ada043",
            "content_sha256": "edd3206440f093b31bce685c65fd44e86a0935ceccfd90076b36d49c0044c5e1",
            "content_sha512": "488c459907bcc1eb110c39851a24ef17e9d4296ecf60f6a4ad25efb0221fdfdf86e9461f2208da97e8e150415b44eae13e9a3824d7186200b4d8c716a4d6928c",
            "directory_permission": "0700",
            "file_permission": "0700",
            "filename": "prerna.txt",
            "id": "fd8ef69f433268c85c95d7c2db1f6a8453ada043",
            "sensitive_content": null,
            "source": null
          },
          "sensitive_attributes": []
        }
      ]
    }
  ],
  "check_results": null
}
